// !$*UTF8*$!
{
	archiveVersion = 1;
	classes = {
	};
	objectVersion = 56;
	objects = {

/* Begin PBXBuildFile section */
		680F77292993E842001D1966 /* AppDelegate.swift in Sources */ = {isa = PBXBuildFile; fileRef = 680F77282993E842001D1966 /* AppDelegate.swift */; };
		680F772B2993E842001D1966 /* SceneDelegate.swift in Sources */ = {isa = PBXBuildFile; fileRef = 680F772A2993E842001D1966 /* SceneDelegate.swift */; };
		680F772D2993E842001D1966 /* ViewController.swift in Sources */ = {isa = PBXBuildFile; fileRef = 680F772C2993E842001D1966 /* ViewController.swift */; };
		680F77302993E842001D1966 /* Main.storyboard in Resources */ = {isa = PBXBuildFile; fileRef = 680F772E2993E842001D1966 /* Main.storyboard */; };
		680F77322993E843001D1966 /* Assets.xcassets in Resources */ = {isa = PBXBuildFile; fileRef = 680F77312993E843001D1966 /* Assets.xcassets */; };
		680F77352993E843001D1966 /* LaunchScreen.storyboard in Resources */ = {isa = PBXBuildFile; fileRef = 680F77332993E843001D1966 /* LaunchScreen.storyboard */; };
		680F77452993EBB7001D1966 /* cannon.mp3 in Resources */ = {isa = PBXBuildFile; fileRef = 680F773E2993EBB7001D1966 /* cannon.mp3 */; };
		680F77462993EBB7001D1966 /* elise.mp3 in Resources */ = {isa = PBXBuildFile; fileRef = 680F773F2993EBB7001D1966 /* elise.mp3 */; };
		680F77472993EBB7001D1966 /* aria.mp3 in Resources */ = {isa = PBXBuildFile; fileRef = 680F77402993EBB7001D1966 /* aria.mp3 */; };
		680F77482993EBB7001D1966 /* Beethoven.jpg in Resources */ = {isa = PBXBuildFile; fileRef = 680F77422993EBB7001D1966 /* Beethoven.jpg */; };
		680F77492993EBB7001D1966 /* Pachelbel.jpg in Resources */ = {isa = PBXBuildFile; fileRef = 680F77432993EBB7001D1966 /* Pachelbel.jpg */; };
		680F774A2993EBB7001D1966 /* Bach.jpg in Resources */ = {isa = PBXBuildFile; fileRef = 680F77442993EBB7001D1966 /* Bach.jpg */; };
/* End PBXBuildFile section */

/* Begin PBXFileReference section */
		680F77252993E842001D1966 /* TechPod.app */ = {isa = PBXFileReference; explicitFileType = wrapper.application; includeInIndex = 0; path = TechPod.app; sourceTree = BUILT_PRODUCTS_DIR; };
		680F77282993E842001D1966 /* AppDelegate.swift */ = {isa = PBXFileReference; lastKnownFileType = sourcecode.swift; path = AppDelegate.swift; sourceTree = "<group>"; };
		680F772A2993E842001D1966 /* SceneDelegate.swift */ = {isa = PBXFileReference; lastKnownFileType = sourcecode.swift; path = SceneDelegate.swift; sourceTree = "<group>"; };
		680F772C2993E842001D1966 /* ViewController.swift */ = {isa = PBXFileReference; lastKnownFileType = sourcecode.swift; path = ViewController.swift; sourceTree = "<group>"; };
		680F772F2993E842001D1966 /* Base */ = {isa = PBXFileReference; lastKnownFileType = file.storyboard; name = Base; path = Base.lproj/Main.storyboard; sourceTree = "<group>"; };
		680F77312993E843001D1966 /* Assets.xcassets */ = {isa = PBXFileReference; lastKnownFileType = folder.assetcatalog; path = Assets.xcassets; sourceTree = "<group>"; };
		680F77342993E843001D1966 /* Base */ = {isa = PBXFileReference; lastKnownFileType = file.storyboard; name = Base; path = Base.lproj/LaunchScreen.storyboard; sourceTree = "<group>"; };
		680F77362993E843001D1966 /* Info.plist */ = {isa = PBXFileReference; lastKnownFileType = text.plist.xml; path = Info.plist; sourceTree = "<group>"; };
		680F773E2993EBB7001D1966 /* cannon.mp3 */ = {isa = PBXFileReference; lastKnownFileType = audio.mp3; path = cannon.mp3; sourceTree = "<group>"; };
		680F773F2993EBB7001D1966 /* elise.mp3 */ = {isa = PBXFileReference; lastKnownFileType = audio.mp3; path = elise.mp3; sourceTree = "<group>"; };
		680F77402993EBB7001D1966 /* aria.mp3 */ = {isa = PBXFileReference; lastKnownFileType = audio.mp3; path = aria.mp3; sourceTree = "<group>"; };
		680F77422993EBB7001D1966 /* Beethoven.jpg */ = {isa = PBXFileReference; lastKnownFileType = image.jpeg; path = Beethoven.jpg; sourceTree = "<group>"; };
		680F77432993EBB7001D1966 /* Pachelbel.jpg */ = {isa = PBXFileReference; lastKnownFileType = image.jpeg; path = Pachelbel.jpg; sourceTree = "<group>"; };
		680F77442993EBB7001D1966 /* Bach.jpg */ = {isa = PBXFileReference; lastKnownFileType = image.jpeg; path = Bach.jpg; sourceTree = "<group>"; };
/* End PBXFileReference section */

/* Begin PBXFrameworksBuildPhase section */
		680F77222993E842001D1966 /* Frameworks */ = {
			isa = PBXFrameworksBuildPhase;
			buildActionMask = 2147483647;
			files = (
			);
			runOnlyForDeploymentPostprocessing = 0;
		};
/* End PBXFrameworksBuildPhase section */

/* Begin PBXGroup section */
		680F771C2993E842001D1966 = {
			isa = PBXGroup;
			children = (
				680F77272993E842001D1966 /* TechPod */,
				680F77262993E842001D1966 /* Products */,
			);
			sourceTree = "<group>";
		};
		680F77262993E842001D1966 /* Products */ = {
			isa = PBXGroup;
			children = (
				680F77252993E842001D1966 /* TechPod.app */,
			);
			name = Products;
			sourceTree = "<group>";
		};
		680F77272993E842001D1966 /* TechPod */ = {
			isa = PBXGroup;
			children = (
				680F77282993E842001D1966 /* AppDelegate.swift */,
				680F772A2993E842001D1966 /* SceneDelegate.swift */,
				680F772C2993E842001D1966 /* ViewController.swift */,
				680F772E2993E842001D1966 /* Main.storyboard */,
				680F77312993E843001D1966 /* Assets.xcassets */,
				680F77332993E843001D1966 /* LaunchScreen.storyboard */,
				680F77362993E843001D1966 /* Info.plist */,
				680F773C2993EBB7001D1966 /* Resources */,
			);
			path = TechPod;
			sourceTree = "<group>";
		};
		680F773C2993EBB7001D1966 /* Resources */ = {
			isa = PBXGroup;
			children = (
				680F773D2993EBB7001D1966 /* Songs */,
				680F77412993EBB7001D1966 /* Images */,
			);
			path = Resources;
			sourceTree = "<group>";
		};
		680F773D2993EBB7001D1966 /* Songs */ = {
			isa = PBXGroup;
			children = (
				680F773E2993EBB7001D1966 /* cannon.mp3 */,
				680F773F2993EBB7001D1966 /* elise.mp3 */,
				680F77402993EBB7001D1966 /* aria.mp3 */,
			);
			path = Songs;
			sourceTree = "<group>";
		};
		680F77412993EBB7001D1966 /* Images */ = {
			isa = PBXGroup;
			children = (
				680F77422993EBB7001D1966 /* Beethoven.jpg */,
				680F77432993EBB7001D1966 /* Pachelbel.jpg */,
				680F77442993EBB7001D1966 /* Bach.jpg */,
			);
			path = Images;
			sourceTree = "<group>";
		};
/* End PBXGroup section */

/* Begin PBXNativeTarget section */
		680F77242993E842001D1966 /* TechPod */ = {
			isa = PBXNativeTarget;
			buildConfigurationList = 680F77392993E843001D1966 /* Build configuration list for PBXNativeTarget "TechPod" */;
			buildPhases = (
				680F77212993E842001D1966 /* Sources */,
				680F77222993E842001D1966 /* Frameworks */,
				680F77232993E842001D1966 /* Resources */,
			);
			buildRules = (
			);
			dependencies = (
			);
			name = TechPod;
			productName = TechPod;
			productReference = 680F77252993E842001D1966 /* TechPod.app */;
			productType = "com.apple.product-type.application";
		};
/* End PBXNativeTarget section */

/* Begin PBXProject section */
		680F771D2993E842001D1966 /* Project object */ = {
			isa = PBXProject;
			attributes = {
				BuildIndependentTargetsInParallel = 1;
				LastSwiftUpdateCheck = 1420;
				LastUpgradeCheck = 1420;
				TargetAttributes = {
					680F77242993E842001D1966 = {
						CreatedOnToolsVersion = 14.2;
					};
				};
			};
			buildConfigurationList = 680F77202993E842001D1966 /* Build configuration list for PBXProject "TechPod" */;
			compatibilityVersion = "Xcode 14.0";
			developmentRegion = en;
			hasScannedForEncodings = 0;
			knownRegions = (
				en,
				Base,
			);
			mainGroup = 680F771C2993E842001D1966;
			productRefGroup = 680F77262993E842001D1966 /* Products */;
			projectDirPath = "";
			projectRoot = "";
			targets = (
				680F77242993E842001D1966 /* TechPod */,
			);
		};
/* End PBXProject section */

/* Begin PBXResourcesBuildPhase section */
		680F77232993E842001D1966 /* Resources */ = {
			isa = PBXResourcesBuildPhase;
			buildActionMask = 2147483647;
			files = (
				680F77352993E843001D1966 /* LaunchScreen.storyboard in Resources */,
				680F77452993EBB7001D1966 /* cannon.mp3 in Resources */,
				680F774A2993EBB7001D1966 /* Bach.jpg in Resources */,
				680F77462993EBB7001D1966 /* elise.mp3 in Resources */,
				680F77322993E843001D1966 /* Assets.xcassets in Resources */,
				680F77492993EBB7001D1966 /* Pachelbel.jpg in Resources */,
				680F77302993E842001D1966 /* Main.storyboard in Resources */,
				680F77472993EBB7001D1966 /* aria.mp3 in Resources */,
				680F77482993EBB7001D1966 /* Beethoven.jpg in Resources */,
			);
			runOnlyForDeploymentPostprocessing = 0;
		};
/* End PBXResourcesBuildPhase section */

/* Begin PBXSourcesBuildPhase section */
		680F77212993E842001D1966 /* Sources */ = {
			isa = PBXSourcesBuildPhase;
			buildActionMask = 2147483647;
			files = (
				680F772D2993E842001D1966 /* ViewController.swift in Sources */,
				680F77292993E842001D1966 /* AppDelegate.swift in Sources */,
				680F772B2993E842001D1966 /* SceneDelegate.swift in Sources */,
			);
			runOnlyForDeploymentPostprocessing = 0;
		};
/* End PBXSourcesBuildPhase section */

/* Begin PBXVariantGroup section */
		680F772E2993E842001D1966 /* Main.storyboard */ = {
			isa = PBXVariantGroup;
			children = (
				680F772F2993E842001D1966 /* Base */,
			);
			name = Main.storyboard;
			sourceTree = "<group>";
		};
		680F77332993E843001D1966 /* LaunchScreen.storyboard */ = {
			isa = PBXVariantGroup;
			children = (
				680F77342993E843001D1966 /* Base */,
			);
			name = LaunchScreen.storyboard;
			sourceTree = "<group>";
		};
/* End PBXVariantGroup section */

/* Begin XCBuildConfiguration section */
		680F77372993E843001D1966 /* Debug */ = {
			isa = XCBuildConfiguration;
			buildSettings = {
				ALWAYS_SEARCH_USER_PATHS = NO;
				CLANG_ANALYZER_NONNULL = YES;
				CLANG_ANALYZER_NUMBER_OBJECT_CONVERSION = YES_AGGRESSIVE;
				CLANG_CXX_LANGUAGE_STANDARD = "gnu++20";
				CLANG_ENABLE_MODULES = YES;
				CLANG_ENABLE_OBJC_ARC = YES;
				CLANG_ENABLE_OBJC_WEAK = YES;
				CLANG_WARN_BLOCK_CAPTURE_AUTORELEASING = YES;
				CLANG_WARN_BOOL_CONVERSION = YES;
				CLANG_WARN_COMMA = YES;
				CLANG_WARN_CONSTANT_CONVERSION = YES;
				CLANG_WARN_DEPRECATED_OBJC_IMPLEMENTATIONS = YES;
				CLANG_WARN_DIRECT_OBJC_ISA_USAGE = YES_ERROR;
				CLANG_WARN_DOCUMENTATION_COMMENTS = YES;
				CLANG_WARN_EMPTY_BODY = YES;
				CLANG_WARN_ENUM_CONVERSION = YES;
				CLANG_WARN_INFINITE_RECURSION = YES;
				CLANG_WARN_INT_CONVERSION = YES;
				CLANG_WARN_NON_LITERAL_NULL_CONVERSION = YES;
				CLANG_WARN_OBJC_IMPLICIT_RETAIN_SELF = YES;
				CLANG_WARN_OBJC_LITERAL_CONVERSION = YES;
				CLANG_WARN_OBJC_ROOT_CLASS = YES_ERROR;
				CLANG_WARN_QUOTED_INCLUDE_IN_FRAMEWORK_HEADER = YES;
				CLANG_WARN_RANGE_LOOP_ANALYSIS = YES;
				CLANG_WARN_STRICT_PROTOTYPES = YES;
				CLANG_WARN_SUSPICIOUS_MOVE = YES;
				CLANG_WARN_UNGUARDED_AVAILABILITY = YES_AGGRESSIVE;
				CLANG_WARN_UNREACHABLE_CODE = YES;
				CLANG_WARN__DUPLICATE_METHOD_MATCH = YES;
				COPY_PHASE_STRIP = NO;
				DEBUG_INFORMATION_FORMAT = dwarf;
				ENABLE_STRICT_OBJC_MSGSEND = YES;
				ENABLE_TESTABILITY = YES;
				GCC_C_LANGUAGE_STANDARD = gnu11;
				GCC_DYNAMIC_NO_PIC = NO;
				GCC_NO_COMMON_BLOCKS = YES;
				GCC_OPTIMIZATION_LEVEL = 0;
				GCC_PREPROCESSOR_DEFINITIONS = (
					"DEBUG=1",
					"$(inherited)",
				);
				GCC_WARN_64_TO_32_BIT_CONVERSION = YES;
				GCC_WARN_ABOUT_RETURN_TYPE = YES_ERROR;
				GCC_WARN_UNDECLARED_SELECTOR = YES;
				GCC_WARN_UNINITIALIZED_AUTOS = YES_AGGRESSIVE;
				GCC_WARN_UNUSED_FUNCTION = YES;
				GCC_WARN_UNUSED_VARIABLE = YES;
				IPHONEOS_DEPLOYMENT_TARGET = 16.2;
				MTL_ENABLE_DEBUG_INFO = INCLUDE_SOURCE;
				MTL_FAST_MATH = YES;
				ONLY_ACTIVE_ARCH = YES;
				SDKROOT = iphoneos;
				SWIFT_ACTIVE_COMPILATION_CONDITIONS = DEBUG;
				SWIFT_OPTIMIZATION_LEVEL = "-Onone";
			};
			name = Debug;
		};
		680F77382993E843001D1966 /* Release */ = {
			isa = XCBuildConfiguration;
			buildSettings = {
				ALWAYS_SEARCH_USER_PATHS = NO;
				CLANG_ANALYZER_NONNULL = YES;
				CLANG_ANALYZER_NUMBER_OBJECT_CONVERSION = YES_AGGRESSIVE;
				CLANG_CXX_LANGUAGE_STANDARD = "gnu++20";
				CLANG_ENABLE_MODULES = YES;
				CLANG_ENABLE_OBJC_ARC = YES;
				CLANG_ENABLE_OBJC_WEAK = YES;
				CLANG_WARN_BLOCK_CAPTURE_AUTORELEASING = YES;
				CLANG_WARN_BOOL_CONVERSION = YES;
				CLANG_WARN_COMMA = YES;
				CLANG_WARN_CONSTANT_CONVERSION = YES;
				CLANG_WARN_DEPRECATED_OBJC_IMPLEMENTATIONS = YES;
				CLANG_WARN_DIRECT_OBJC_ISA_USAGE = YES_ERROR;
				CLANG_WARN_DOCUMENTATION_COMMENTS = YES;
				CLANG_WARN_EMPTY_BODY = YES;
				CLANG_WARN_ENUM_CONVERSION = YES;
				CLANG_WARN_INFINITE_RECURSION = YES;
				CLANG_WARN_INT_CONVERSION = YES;
				CLANG_WARN_NON_LITERAL_NULL_CONVERSION = YES;
				CLANG_WARN_OBJC_IMPLICIT_RETAIN_SELF = YES;
				CLANG_WARN_OBJC_LITERAL_CONVERSION = YES;
				CLANG_WARN_OBJC_ROOT_CLASS = YES_ERROR;
				CLANG_WARN_QUOTED_INCLUDE_IN_FRAMEWORK_HEADER = YES;
				CLANG_WARN_RANGE_LOOP_ANALYSIS = YES;
				CLANG_WARN_STRICT_PROTOTYPES = YES;
				CLANG_WARN_SUSPICIOUS_MOVE = YES;
				CLANG_WARN_UNGUARDED_AVAILABILITY = YES_AGGRESSIVE;
				CLANG_WARN_UNREACHABLE_CODE = YES;
				CLANG_WARN__DUPLICATE_METHOD_MATCH = YES;
				COPY_PHASE_STRIP = NO;
				DEBUG_INFORMATION_FORMAT = "dwarf-with-dsym";
				ENABLE_NS_ASSERTIONS = NO;
				ENABLE_STRICT_OBJC_MSGSEND = YES;
				GCC_C_LANGUAGE_STANDARD = gnu11;
				GCC_NO_COMMON_BLOCKS = YES;
				GCC_WARN_64_TO_32_BIT_CONVERSION = YES;
				GCC_WARN_ABOUT_RETURN_TYPE = YES_ERROR;
				GCC_WARN_UNDECLARED_SELECTOR = YES;
				GCC_WARN_UNINITIALIZED_AUTOS = YES_AGGRESSIVE;
				GCC_WARN_UNUSED_FUNCTION = YES;
				GCC_WARN_UNUSED_VARIABLE = YES;
				IPHONEOS_DEPLOYMENT_TARGET = 16.2;
				MTL_ENABLE_DEBUG_INFO = NO;
				MTL_FAST_MATH = YES;
				SDKROOT = iphoneos;
				SWIFT_COMPILATION_MODE = wholemodule;
				SWIFT_OPTIMIZATION_LEVEL = "-O";
				VALIDATE_PRODUCT = YES;
			};
			name = Release;
		};
		680F773A2993E843001D1966 /* Debug */ = {
			isa = XCBuildConfiguration;
			buildSettings = {
				ASSETCATALOG_COMPILER_APPICON_NAME = AppIcon;
				ASSETCATALOG_COMPILER_GLOBAL_ACCENT_COLOR_NAME = AccentColor;
				CODE_SIGN_STYLE = Automatic;
				CURRENT_PROJECT_VERSION = 1;
				GENERATE_INFOPLIST_FILE = YES;
				INFOPLIST_FILE = TechPod/Info.plist;
				INFOPLIST_KEY_UIApplicationSupportsIndirectInputEvents = YES;
				INFOPLIST_KEY_UILaunchStoryboardName = LaunchScreen;
				INFOPLIST_KEY_UIMainStoryboardFile = Main;
				INFOPLIST_KEY_UISupportedInterfaceOrientations_iPad = "UIInterfaceOrientationPortrait UIInterfaceOrientationPortraitUpsideDown UIInterfaceOrientationLandscapeLeft UIInterfaceOrientationLandscapeRight";
				INFOPLIST_KEY_UISupportedInterfaceOrientations_iPhone = "UIInterfaceOrientationPortrait UIInterfaceOrientationLandscapeLeft UIInterfaceOrientationLandscapeRight";
				LD_RUNPATH_SEARCH_PATHS = (
					"$(inherited)",
					"@executable_path/Frameworks",
				);
				MARKETING_VERSION = 1.0;
				PRODUCT_BUNDLE_IDENTIFIER = app.Kimura.Sheep.TechPod;
				PRODUCT_NAME = "$(TARGET_NAME)";
				SWIFT_EMIT_LOC_STRINGS = YES;
				SWIFT_VERSION = 5.0;
				TARGETED_DEVICE_FAMILY = "1,2";
			};
			name = Debug;
		};
		680F773B2993E843001D1966 /* Release */ = {
			isa = XCBuildConfiguration;
			buildSettings = {
				ASSETCATALOG_COMPILER_APPICON_NAME = AppIcon;
				ASSETCATALOG_COMPILER_GLOBAL_ACCENT_COLOR_NAME = AccentColor;
				CODE_SIGN_STYLE = Automatic;
				CURRENT_PROJECT_VERSION = 1;
				GENERATE_INFOPLIST_FILE = YES;
				INFOPLIST_FILE = TechPod/Info.plist;
				INFOPLIST_KEY_UIApplicationSupportsIndirectInputEvents = YES;
				INFOPLIST_KEY_UILaunchStoryboardName = LaunchScreen;
				INFOPLIST_KEY_UIMainStoryboardFile = Main;
				INFOPLIST_KEY_UISupportedInterfaceOrientations_iPad = "UIInterfaceOrientationPortrait UIInterfaceOrientationPortraitUpsideDown UIInterfaceOrientationLandscapeLeft UIInterfaceOrientationLandscapeRight";
				INFOPLIST_KEY_UISupportedInterfaceOrientations_iPhone = "UIInterfaceOrientationPortrait UIInterfaceOrientationLandscapeLeft UIInterfaceOrientationLandscapeRight";
				LD_RUNPATH_SEARCH_PATHS = (
					"$(inherited)",
					"@executable_path/Frameworks",
				);
				MARKETING_VERSION = 1.0;
				PRODUCT_BUNDLE_IDENTIFIER = app.Kimura.Sheep.TechPod;
				PRODUCT_NAME = "$(TARGET_NAME)";
				SWIFT_EMIT_LOC_STRINGS = YES;
				SWIFT_VERSION = 5.0;
				TARGETED_DEVICE_FAMILY = "1,2";
			};
			name = Release;
		};
/* End XCBuildConfiguration section */

/* Begin XCConfigurationList section */
		680F77202993E842001D1966 /* Build configuration list for PBXProject "TechPod" */ = {
			isa = XCConfigurationList;
			buildConfigurations = (
				680F77372993E843001D1966 /* Debug */,
				680F77382993E843001D1966 /* Release */,
			);
			defaultConfigurationIsVisible = 0;
			defaultConfigurationName = Release;
		};
		680F77392993E843001D1966 /* Build configuration list for PBXNativeTarget "TechPod" */ = {
			isa = XCConfigurationList;
			buildConfigurations = (
				680F773A2993E843001D1966 /* Debug */,
				680F773B2993E843001D1966 /* Release */,
			);
			defaultConfigurationIsVisible = 0;
			defaultConfigurationName = Release;
		};
/* End XCConfigurationList section */
	};
	rootObject = 680F771D2993E842001D1966 /* Project object */;
}
